{
  "name": "simplesend",
  "version": "1.0.0",
  "lockfileVersion": 2,
  "requires": true,
  "packages": {
    "": {
      "name": "simplesend",
      "version": "1.0.0",
      "license": "ISC",
      "dependencies": {
        "ergo-lib-wasm-nodejs": "^0.15.0-alpha-f7a9ee0"
      }
    },
    "node_modules/ergo-lib-wasm-nodejs": {
      "version": "0.15.0-alpha-f7a9ee0",
      "resolved": "https://registry.npmjs.org/ergo-lib-wasm-nodejs/-/ergo-lib-wasm-nodejs-0.15.0-alpha-f7a9ee0.tgz",
      "integrity": "sha512-M7FJ93xJvbZSoKScfdZXWFqU6rMSdoLDR711jZYMIiOCIh6eG+QKnTPzK7htk144TQVztI77pwnMicRoZCtM9g=="
    }
  },
  "dependencies": {
    "ergo-lib-wasm-nodejs": {
      "version": "0.15.0-alpha-f7a9ee0",
      "resolved": "https://registry.npmjs.org/ergo-lib-wasm-nodejs/-/ergo-lib-wasm-nodejs-0.15.0-alpha-f7a9ee0.tgz",
      "integrity": "sha512-M7FJ93xJvbZSoKScfdZXWFqU6rMSdoLDR711jZYMIiOCIh6eG+QKnTPzK7htk144TQVztI77pwnMicRoZCtM9g=="
    }
  }
}
